
Microsoft Visual Studio Solution File, Format Version 12.00
# Visual Studio Version 16
VisualStudioVersion = 16.0.32002.261
MinimumVisualStudioVersion = 10.0.40219.1
Project("{FAE04EC0-301F-11D3-BF4B-00C04F79EFBC}") = "QLKS", "QLKS\QLKS.csproj", "{0ABB4B51-B4B4-4F50-8317-5B0BF4E7DB4B}"
EndProject
Global
	GlobalSection(SolutionConfigurationPlatforms) = preSolution
		Debug|Any CPU = Debug|Any CPU
		Release|Any CPU = Release|Any CPU
	EndGlobalSection
	GlobalSection(ProjectConfigurationPlatforms) = postSolution
		{0ABB4B51-B4B4-4F50-8317-5B0BF4E7DB4B}.Debug|Any CPU.ActiveCfg = Debug|Any CPU
		{0ABB4B51-B4B4-4F50-8317-5B0BF4E7DB4B}.Debug|Any CPU.Build.0 = Debug|Any CPU
		{0ABB4B51-B4B4-4F50-8317-5B0BF4E7DB4B}.Release|Any CPU.ActiveCfg = Release|Any CPU
		{0ABB4B51-B4B4-4F50-8317-5B0BF4E7DB4B}.Release|Any CPU.Build.0 = Release|Any CPU
	EndGlobalSection
	GlobalSection(SolutionProperties) = preSolution
		HideSolutionNode = FALSE
	EndGlobalSection
	GlobalSection(ExtensibilityGlobals) = postSolution
		SolutionGuid = {C0AC74CB-F541-422E-B5ED-B359901C0C81}
	EndGlobalSection
EndGlobal
